// !$*UTF8*$!
{
	archiveVersion = 1;
	classes = {
	};
	objectVersion = 56;
	objects = {

/* Begin PBXBuildFile section */
		644C14922E4A21D300F8213A /* FavoritesView.swift in Sources */ = {isa = PBXBuildFile; fileRef = 644C14912E4A21D300F8213A /* FavoritesView.swift */; };
		649513E52B168CF000D5F79A /* SFSymbols.swift in Sources */ = {isa = PBXBuildFile; fileRef = 649513E42B168CF000D5F79A /* SFSymbols.swift */; };
		64A08AC82B17BD7900F8FD6D /* InfoView.swift in Sources */ = {isa = PBXBuildFile; fileRef = 64A08AC72B17BD7900F8FD6D /* InfoView.swift */; };
		64C23CE42B16237700A14D70 /* SssymbolsApp.swift in Sources */ = {isa = PBXBuildFile; fileRef = 64C23CE32B16237700A14D70 /* SssymbolsApp.swift */; };
		64C23CE62B16237700A14D70 /* MenuView.swift in Sources */ = {isa = PBXBuildFile; fileRef = 64C23CE52B16237700A14D70 /* MenuView.swift */; };
		64C23CE82B16237800A14D70 /* Assets.xcassets in Resources */ = {isa = PBXBuildFile; fileRef = 64C23CE72B16237800A14D70 /* Assets.xcassets */; };
		64C23CEB2B16237800A14D70 /* Preview Assets.xcassets in Resources */ = {isa = PBXBuildFile; fileRef = 64C23CEA2B16237800A14D70 /* Preview Assets.xcassets */; };
		64C419AD2C7D4EE200C1FC21 /* LaunchAtLogin in Frameworks */ = {isa = PBXBuildFile; productRef = 64C419AC2C7D4EE200C1FC21 /* LaunchAtLogin */; };
/* End PBXBuildFile section */

/* Begin PBXCopyFilesBuildPhase section */
		644FA4DA2B1A7D78001DCE77 /* CopyFiles */ = {
			isa = PBXCopyFilesBuildPhase;
			buildActionMask = 2147483647;
			dstPath = Contents/Library/LoginItems;
			dstSubfolderSpec = 1;
			files = (
			);
			runOnlyForDeploymentPostprocessing = 0;
		};
/* End PBXCopyFilesBuildPhase section */

/* Begin PBXFileReference section */
		644C14912E4A21D300F8213A /* FavoritesView.swift */ = {isa = PBXFileReference; lastKnownFileType = sourcecode.swift; path = FavoritesView.swift; sourceTree = "<group>"; };
		649513E42B168CF000D5F79A /* SFSymbols.swift */ = {isa = PBXFileReference; lastKnownFileType = sourcecode.swift; path = SFSymbols.swift; sourceTree = "<group>"; };
		64A08AC72B17BD7900F8FD6D /* InfoView.swift */ = {isa = PBXFileReference; lastKnownFileType = sourcecode.swift; path = InfoView.swift; sourceTree = "<group>"; };
		64C23CE02B16237700A14D70 /* Sssymbols.app */ = {isa = PBXFileReference; explicitFileType = wrapper.application; includeInIndex = 0; path = Sssymbols.app; sourceTree = BUILT_PRODUCTS_DIR; };
		64C23CE32B16237700A14D70 /* SssymbolsApp.swift */ = {isa = PBXFileReference; lastKnownFileType = sourcecode.swift; path = SssymbolsApp.swift; sourceTree = "<group>"; };
		64C23CE52B16237700A14D70 /* MenuView.swift */ = {isa = PBXFileReference; lastKnownFileType = sourcecode.swift; path = MenuView.swift; sourceTree = "<group>"; };
		64C23CE72B16237800A14D70 /* Assets.xcassets */ = {isa = PBXFileReference; lastKnownFileType = folder.assetcatalog; path = Assets.xcassets; sourceTree = "<group>"; };
		64C23CEA2B16237800A14D70 /* Preview Assets.xcassets */ = {isa = PBXFileReference; lastKnownFileType = folder.assetcatalog; path = "Preview Assets.xcassets"; sourceTree = "<group>"; };
		64C23CEC2B16237800A14D70 /* Sssymbols.entitlements */ = {isa = PBXFileReference; lastKnownFileType = text.plist.entitlements; path = Sssymbols.entitlements; sourceTree = "<group>"; };
/* End PBXFileReference section */

/* Begin PBXFrameworksBuildPhase section */
		64C23CDD2B16237700A14D70 /* Frameworks */ = {
			isa = PBXFrameworksBuildPhase;
			buildActionMask = 2147483647;
			files = (
				64C419AD2C7D4EE200C1FC21 /* LaunchAtLogin in Frameworks */,
			);
			runOnlyForDeploymentPostprocessing = 0;
		};
/* End PBXFrameworksBuildPhase section */

/* Begin PBXGroup section */
		64C23CD72B16237700A14D70 = {
			isa = PBXGroup;
			children = (
				64C23CE22B16237700A14D70 /* Sssymbols */,
				64C23CE12B16237700A14D70 /* Products */,
			);
			sourceTree = "<group>";
		};
		64C23CE12B16237700A14D70 /* Products */ = {
			isa = PBXGroup;
			children = (
				64C23CE02B16237700A14D70 /* Sssymbols.app */,
			);
			name = Products;
			sourceTree = "<group>";
		};
		64C23CE22B16237700A14D70 /* Sssymbols */ = {
			isa = PBXGroup;
			children = (
				64C23CE32B16237700A14D70 /* SssymbolsApp.swift */,
				64C23CF52B16244700A14D70 /* Views */,
				64C23CF22B1623A100A14D70 /* Symbols */,
				64C23CE72B16237800A14D70 /* Assets.xcassets */,
				64C23CEC2B16237800A14D70 /* Sssymbols.entitlements */,
				64C23CE92B16237800A14D70 /* Preview Content */,
			);
			path = Sssymbols;
			sourceTree = "<group>";
		};
		64C23CE92B16237800A14D70 /* Preview Content */ = {
			isa = PBXGroup;
			children = (
				64C23CEA2B16237800A14D70 /* Preview Assets.xcassets */,
			);
			path = "Preview Content";
			sourceTree = "<group>";
		};
		64C23CF22B1623A100A14D70 /* Symbols */ = {
			isa = PBXGroup;
			children = (
				649513E42B168CF000D5F79A /* SFSymbols.swift */,
			);
			path = Symbols;
			sourceTree = "<group>";
		};
		64C23CF52B16244700A14D70 /* Views */ = {
			isa = PBXGroup;
			children = (
				64C23CE52B16237700A14D70 /* MenuView.swift */,
				644C14912E4A21D300F8213A /* FavoritesView.swift */,
				64A08AC72B17BD7900F8FD6D /* InfoView.swift */,
			);
			path = Views;
			sourceTree = "<group>";
		};
/* End PBXGroup section */

/* Begin PBXNativeTarget section */
		64C23CDF2B16237700A14D70 /* Sssymbols */ = {
			isa = PBXNativeTarget;
			buildConfigurationList = 64C23CEF2B16237800A14D70 /* Build configuration list for PBXNativeTarget "Sssymbols" */;
			buildPhases = (
				64C23CDC2B16237700A14D70 /* Sources */,
				64C23CDD2B16237700A14D70 /* Frameworks */,
				64C23CDE2B16237700A14D70 /* Resources */,
				644FA4DA2B1A7D78001DCE77 /* CopyFiles */,
			);
			buildRules = (
			);
			dependencies = (
			);
			name = Sssymbols;
			packageProductDependencies = (
				64C419AC2C7D4EE200C1FC21 /* LaunchAtLogin */,
			);
			productName = Sssymbols;
			productReference = 64C23CE02B16237700A14D70 /* Sssymbols.app */;
			productType = "com.apple.product-type.application";
		};
/* End PBXNativeTarget section */

/* Begin PBXProject section */
		64C23CD82B16237700A14D70 /* Project object */ = {
			isa = PBXProject;
			attributes = {
				BuildIndependentTargetsInParallel = 1;
				LastSwiftUpdateCheck = 1500;
				LastUpgradeCheck = 1640;
				TargetAttributes = {
					64C23CDF2B16237700A14D70 = {
						CreatedOnToolsVersion = 15.0.1;
					};
				};
			};
			buildConfigurationList = 64C23CDB2B16237700A14D70 /* Build configuration list for PBXProject "Sssymbols" */;
			compatibilityVersion = "Xcode 14.0";
			developmentRegion = en;
			hasScannedForEncodings = 0;
			knownRegions = (
				en,
				Base,
			);
			mainGroup = 64C23CD72B16237700A14D70;
			packageReferences = (
				64C419AB2C7D4EE200C1FC21 /* XCRemoteSwiftPackageReference "LaunchAtLogin-Modern" */,
			);
			productRefGroup = 64C23CE12B16237700A14D70 /* Products */;
			projectDirPath = "";
			projectRoot = "";
			targets = (
				64C23CDF2B16237700A14D70 /* Sssymbols */,
			);
		};
/* End PBXProject section */

/* Begin PBXResourcesBuildPhase section */
		64C23CDE2B16237700A14D70 /* Resources */ = {
			isa = PBXResourcesBuildPhase;
			buildActionMask = 2147483647;
			files = (
				64C23CEB2B16237800A14D70 /* Preview Assets.xcassets in Resources */,
				64C23CE82B16237800A14D70 /* Assets.xcassets in Resources */,
			);
			runOnlyForDeploymentPostprocessing = 0;
		};
/* End PBXResourcesBuildPhase section */

/* Begin PBXSourcesBuildPhase section */
		64C23CDC2B16237700A14D70 /* Sources */ = {
			isa = PBXSourcesBuildPhase;
			buildActionMask = 2147483647;
			files = (
				644C14922E4A21D300F8213A /* FavoritesView.swift in Sources */,
				64A08AC82B17BD7900F8FD6D /* InfoView.swift in Sources */,
				64C23CE62B16237700A14D70 /* MenuView.swift in Sources */,
				649513E52B168CF000D5F79A /* SFSymbols.swift in Sources */,
				64C23CE42B16237700A14D70 /* SssymbolsApp.swift in Sources */,
			);
			runOnlyForDeploymentPostprocessing = 0;
		};
/* End PBXSourcesBuildPhase section */

/* Begin XCBuildConfiguration section */
		64C23CED2B16237800A14D70 /* Debug */ = {
			isa = XCBuildConfiguration;
			buildSettings = {
				ALWAYS_SEARCH_USER_PATHS = NO;
				ASSETCATALOG_COMPILER_GENERATE_SWIFT_ASSET_SYMBOL_EXTENSIONS = YES;
				CLANG_ANALYZER_NONNULL = YES;
				CLANG_ANALYZER_NUMBER_OBJECT_CONVERSION = YES_AGGRESSIVE;
				CLANG_CXX_LANGUAGE_STANDARD = "gnu++20";
				CLANG_ENABLE_MODULES = YES;
				CLANG_ENABLE_OBJC_ARC = YES;
				CLANG_ENABLE_OBJC_WEAK = YES;
				CLANG_WARN_BLOCK_CAPTURE_AUTORELEASING = YES;
				CLANG_WARN_BOOL_CONVERSION = YES;
				CLANG_WARN_COMMA = YES;
				CLANG_WARN_CONSTANT_CONVERSION = YES;
				CLANG_WARN_DEPRECATED_OBJC_IMPLEMENTATIONS = YES;
				CLANG_WARN_DIRECT_OBJC_ISA_USAGE = YES_ERROR;
				CLANG_WARN_DOCUMENTATION_COMMENTS = YES;
				CLANG_WARN_EMPTY_BODY = YES;
				CLANG_WARN_ENUM_CONVERSION = YES;
				CLANG_WARN_INFINITE_RECURSION = YES;
				CLANG_WARN_INT_CONVERSION = YES;
				CLANG_WARN_NON_LITERAL_NULL_CONVERSION = YES;
				CLANG_WARN_OBJC_IMPLICIT_RETAIN_SELF = YES;
				CLANG_WARN_OBJC_LITERAL_CONVERSION = YES;
				CLANG_WARN_OBJC_ROOT_CLASS = YES_ERROR;
				CLANG_WARN_QUOTED_INCLUDE_IN_FRAMEWORK_HEADER = YES;
				CLANG_WARN_RANGE_LOOP_ANALYSIS = YES;
				CLANG_WARN_STRICT_PROTOTYPES = YES;
				CLANG_WARN_SUSPICIOUS_MOVE = YES;
				CLANG_WARN_UNGUARDED_AVAILABILITY = YES_AGGRESSIVE;
				CLANG_WARN_UNREACHABLE_CODE = YES;
				CLANG_WARN__DUPLICATE_METHOD_MATCH = YES;
				COPY_PHASE_STRIP = NO;
				DEAD_CODE_STRIPPING = YES;
				DEBUG_INFORMATION_FORMAT = dwarf;
				DEVELOPMENT_TEAM = 79QAXFUAX6;
				ENABLE_APP_SANDBOX = YES;
				ENABLE_STRICT_OBJC_MSGSEND = YES;
				ENABLE_TESTABILITY = YES;
				ENABLE_USER_SCRIPT_SANDBOXING = YES;
				GCC_C_LANGUAGE_STANDARD = gnu17;
				GCC_DYNAMIC_NO_PIC = NO;
				GCC_NO_COMMON_BLOCKS = YES;
				GCC_OPTIMIZATION_LEVEL = 0;
				GCC_PREPROCESSOR_DEFINITIONS = (
					"DEBUG=1",
					"$(inherited)",
				);
				GCC_WARN_64_TO_32_BIT_CONVERSION = YES;
				GCC_WARN_ABOUT_RETURN_TYPE = YES_ERROR;
				GCC_WARN_UNDECLARED_SELECTOR = YES;
				GCC_WARN_UNINITIALIZED_AUTOS = YES_AGGRESSIVE;
				GCC_WARN_UNUSED_FUNCTION = YES;
				GCC_WARN_UNUSED_VARIABLE = YES;
				LOCALIZATION_PREFERS_STRING_CATALOGS = YES;
				MACOSX_DEPLOYMENT_TARGET = 14.0;
				MTL_ENABLE_DEBUG_INFO = INCLUDE_SOURCE;
				MTL_FAST_MATH = YES;
				ONLY_ACTIVE_ARCH = YES;
				SDKROOT = macosx;
				SWIFT_ACTIVE_COMPILATION_CONDITIONS = "DEBUG $(inherited)";
				SWIFT_OPTIMIZATION_LEVEL = "-Onone";
			};
			name = Debug;
		};
		64C23CEE2B16237800A14D70 /* Release */ = {
			isa = XCBuildConfiguration;
			buildSettings = {
				ALWAYS_SEARCH_USER_PATHS = NO;
				ASSETCATALOG_COMPILER_GENERATE_SWIFT_ASSET_SYMBOL_EXTENSIONS = YES;
				CLANG_ANALYZER_NONNULL = YES;
				CLANG_ANALYZER_NUMBER_OBJECT_CONVERSION = YES_AGGRESSIVE;
				CLANG_CXX_LANGUAGE_STANDARD = "gnu++20";
				CLANG_ENABLE_MODULES = YES;
				CLANG_ENABLE_OBJC_ARC = YES;
				CLANG_ENABLE_OBJC_WEAK = YES;
				CLANG_WARN_BLOCK_CAPTURE_AUTORELEASING = YES;
				CLANG_WARN_BOOL_CONVERSION = YES;
				CLANG_WARN_COMMA = YES;
				CLANG_WARN_CONSTANT_CONVERSION = YES;
				CLANG_WARN_DEPRECATED_OBJC_IMPLEMENTATIONS = YES;
				CLANG_WARN_DIRECT_OBJC_ISA_USAGE = YES_ERROR;
				CLANG_WARN_DOCUMENTATION_COMMENTS = YES;
				CLANG_WARN_EMPTY_BODY = YES;
				CLANG_WARN_ENUM_CONVERSION = YES;
				CLANG_WARN_INFINITE_RECURSION = YES;
				CLANG_WARN_INT_CONVERSION = YES;
				CLANG_WARN_NON_LITERAL_NULL_CONVERSION = YES;
				CLANG_WARN_OBJC_IMPLICIT_RETAIN_SELF = YES;
				CLANG_WARN_OBJC_LITERAL_CONVERSION = YES;
				CLANG_WARN_OBJC_ROOT_CLASS = YES_ERROR;
				CLANG_WARN_QUOTED_INCLUDE_IN_FRAMEWORK_HEADER = YES;
				CLANG_WARN_RANGE_LOOP_ANALYSIS = YES;
				CLANG_WARN_STRICT_PROTOTYPES = YES;
				CLANG_WARN_SUSPICIOUS_MOVE = YES;
				CLANG_WARN_UNGUARDED_AVAILABILITY = YES_AGGRESSIVE;
				CLANG_WARN_UNREACHABLE_CODE = YES;
				CLANG_WARN__DUPLICATE_METHOD_MATCH = YES;
				COPY_PHASE_STRIP = NO;
				DEAD_CODE_STRIPPING = YES;
				DEBUG_INFORMATION_FORMAT = "dwarf-with-dsym";
				DEVELOPMENT_TEAM = 79QAXFUAX6;
				ENABLE_APP_SANDBOX = YES;
				ENABLE_NS_ASSERTIONS = NO;
				ENABLE_STRICT_OBJC_MSGSEND = YES;
				ENABLE_USER_SCRIPT_SANDBOXING = YES;
				GCC_C_LANGUAGE_STANDARD = gnu17;
				GCC_NO_COMMON_BLOCKS = YES;
				GCC_WARN_64_TO_32_BIT_CONVERSION = YES;
				GCC_WARN_ABOUT_RETURN_TYPE = YES_ERROR;
				GCC_WARN_UNDECLARED_SELECTOR = YES;
				GCC_WARN_UNINITIALIZED_AUTOS = YES_AGGRESSIVE;
				GCC_WARN_UNUSED_FUNCTION = YES;
				GCC_WARN_UNUSED_VARIABLE = YES;
				LOCALIZATION_PREFERS_STRING_CATALOGS = YES;
				MACOSX_DEPLOYMENT_TARGET = 14.0;
				MTL_ENABLE_DEBUG_INFO = NO;
				MTL_FAST_MATH = YES;
				SDKROOT = macosx;
				SWIFT_COMPILATION_MODE = wholemodule;
			};
			name = Release;
		};
		64C23CF02B16237800A14D70 /* Debug */ = {
			isa = XCBuildConfiguration;
			buildSettings = {
				ASSETCATALOG_COMPILER_APPICON_NAME = AppIcon;
				ASSETCATALOG_COMPILER_GLOBAL_ACCENT_COLOR_NAME = AccentColor;
				CODE_SIGN_ENTITLEMENTS = Sssymbols/Sssymbols.entitlements;
				CODE_SIGN_STYLE = Automatic;
				COMBINE_HIDPI_IMAGES = YES;
				CURRENT_PROJECT_VERSION = 1;
				DEAD_CODE_STRIPPING = YES;
				DEVELOPMENT_ASSET_PATHS = "\"Sssymbols/Preview Content\"";
				ENABLE_HARDENED_RUNTIME = YES;
				ENABLE_PREVIEWS = YES;
				GENERATE_INFOPLIST_FILE = YES;
				INFOPLIST_KEY_CFBundleDisplayName = "Sssymbols!";
				INFOPLIST_KEY_LSApplicationCategoryType = "public.app-category.developer-tools";
				INFOPLIST_KEY_LSUIElement = YES;
				INFOPLIST_KEY_NSHumanReadableCopyright = "";
				LD_RUNPATH_SEARCH_PATHS = (
					"$(inherited)",
					"@executable_path/../Frameworks",
				);
				MARKETING_VERSION = 2.0;
				PRODUCT_BUNDLE_IDENTIFIER = com.ddvniele.sssymbols;
				PRODUCT_NAME = "$(TARGET_NAME)";
				SWIFT_EMIT_LOC_STRINGS = YES;
				SWIFT_VERSION = 5.0;
			};
			name = Debug;
		};
		64C23CF12B16237800A14D70 /* Release */ = {
			isa = XCBuildConfiguration;
			buildSettings = {
				ASSETCATALOG_COMPILER_APPICON_NAME = AppIcon;
				ASSETCATALOG_COMPILER_GLOBAL_ACCENT_COLOR_NAME = AccentColor;
				CODE_SIGN_ENTITLEMENTS = Sssymbols/Sssymbols.entitlements;
				CODE_SIGN_STYLE = Automatic;
				COMBINE_HIDPI_IMAGES = YES;
				CURRENT_PROJECT_VERSION = 1;
				DEAD_CODE_STRIPPING = YES;
				DEVELOPMENT_ASSET_PATHS = "\"Sssymbols/Preview Content\"";
				ENABLE_HARDENED_RUNTIME = YES;
				ENABLE_PREVIEWS = YES;
				GENERATE_INFOPLIST_FILE = YES;
				INFOPLIST_KEY_CFBundleDisplayName = "Sssymbols!";
				INFOPLIST_KEY_LSApplicationCategoryType = "public.app-category.developer-tools";
				INFOPLIST_KEY_LSUIElement = YES;
				INFOPLIST_KEY_NSHumanReadableCopyright = "";
				LD_RUNPATH_SEARCH_PATHS = (
					"$(inherited)",
					"@executable_path/../Frameworks",
				);
				MARKETING_VERSION = 2.0;
				PRODUCT_BUNDLE_IDENTIFIER = com.ddvniele.sssymbols;
				PRODUCT_NAME = "$(TARGET_NAME)";
				SWIFT_EMIT_LOC_STRINGS = YES;
				SWIFT_VERSION = 5.0;
			};
			name = Release;
		};
/* End XCBuildConfiguration section */

/* Begin XCConfigurationList section */
		64C23CDB2B16237700A14D70 /* Build configuration list for PBXProject "Sssymbols" */ = {
			isa = XCConfigurationList;
			buildConfigurations = (
				64C23CED2B16237800A14D70 /* Debug */,
				64C23CEE2B16237800A14D70 /* Release */,
			);
			defaultConfigurationIsVisible = 0;
			defaultConfigurationName = Release;
		};
		64C23CEF2B16237800A14D70 /* Build configuration list for PBXNativeTarget "Sssymbols" */ = {
			isa = XCConfigurationList;
			buildConfigurations = (
				64C23CF02B16237800A14D70 /* Debug */,
				64C23CF12B16237800A14D70 /* Release */,
			);
			defaultConfigurationIsVisible = 0;
			defaultConfigurationName = Release;
		};
/* End XCConfigurationList section */

/* Begin XCRemoteSwiftPackageReference section */
		64C419AB2C7D4EE200C1FC21 /* XCRemoteSwiftPackageReference "LaunchAtLogin-Modern" */ = {
			isa = XCRemoteSwiftPackageReference;
			repositoryURL = "https://github.com/sindresorhus/LaunchAtLogin-Modern";
			requirement = {
				branch = main;
				kind = branch;
			};
		};
/* End XCRemoteSwiftPackageReference section */

/* Begin XCSwiftPackageProductDependency section */
		64C419AC2C7D4EE200C1FC21 /* LaunchAtLogin */ = {
			isa = XCSwiftPackageProductDependency;
			package = 64C419AB2C7D4EE200C1FC21 /* XCRemoteSwiftPackageReference "LaunchAtLogin-Modern" */;
			productName = LaunchAtLogin;
		};
/* End XCSwiftPackageProductDependency section */
	};
	rootObject = 64C23CD82B16237700A14D70 /* Project object */;
}
